lock: name=openwrap; version=2.0.3.119604244
lock: name=SharpZipLib; version=0.86.0
lock: name=tdnet-framework; version=2.0.0.48555719
lock: name=Mono.Cecil; version=0.9.4.1
lock: name=openfilesystem; version=1.0.1.88267869
lock: name=Microsoft.StyleCop-PPWStyle; version=1.0.2.104650579
lock: name=Microsoft.Contracts; version=1.0.2.104650562
lock: name=PPWCode.Util.AppConfigTemplate; version=3.0.2.127575745
lock: name=MSBuild.Community.Tasks; version=1.2.1.105549745
lock: name=Apache.Log4Net; version=1.2.10.104650568
lock: name=Spring.Core; version=1.3.1.104650592
lock: name=Common.Logging; version=1.2.0.104650574
lock: name=NHibernate; version=3.1.0.104650625
lock: name=Iesi.Collections; version=3.1.0.104650605
lock: name=ANTLR3.Runtime.Net; version=3.1.0.104650599
lock: name=NHibernate.LinFu; version=3.1.0.104650613
lock: name=NHibernate.Caches.SysCache; version=3.1.0.104650619
lock: name=HibernatingRhinos.Profiler.Appender; version=1.0.0.104650585
lock: name=PPWCode.Util.OddsAndEnds; version=2.2.0.127573101
lock: name=NUnit; version=2.6.2.127573019
lock: name=PPWCode.Vernacular.Exceptions; version=2.0.0.127574065
lock: name=PPWCode.Vernacular.Semantics; version=2.0.0.127575159
lock: name=PPWCode.Vernacular.Persistence; version=1.4.1.127575295
lock: name=PPWCode.Kit.Tasks.Server; version=3.1.0.127575594
lock: name=PPWCode.Kit.Tasks.API_I; version=3.1.0.127575477
